{
  "requires": true,
  "lockfileVersion": 1,
  "dependencies": {
    "ckeditor": {
      "version": "4.12.1",
      "resolved": "https://registry.npmjs.org/ckeditor/-/ckeditor-4.12.1.tgz",
      "integrity": "sha512-pH2Su4oi0D4iN/3U8nUcwI7/lXHoOJi0aiN8e2zxnm4Ow5kq8eZP2ZGmpYyuqRyKZ2tHaU8+OyYi7laXcjiq9Q=="
    }
  }
}
